Microsoft Visual Studio Solution File, Format Version 12.00
# Visual Studio Version 17
VisualStudioVersion = 17.5.2.0
MinimumVisualStudioVersion = 10.0.40219.1
Project("{FAE04EC0-301F-11D3-BF4B-00C04F79EFBC}") = "GPass", "GPass.csproj", "{77D43DC8-AE66-9831-3D5D-42913B8F9657}"
EndProject
Global
	GlobalSection(SolutionConfigurationPlatforms) = preSolution
		Debug|Any CPU = Debug|Any CPU
		Release|Any CPU = Release|Any CPU
	EndGlobalSection
	GlobalSection(ProjectConfigurationPlatforms) = postSolution
		{77D43DC8-AE66-9831-3D5D-42913B8F9657}.Debug|Any CPU.ActiveCfg = Debug|Any CPU
		{77D43DC8-AE66-9831-3D5D-42913B8F9657}.Debug|Any CPU.Build.0 = Debug|Any CPU
		{77D43DC8-AE66-9831-3D5D-42913B8F9657}.Release|Any CPU.ActiveCfg = Release|Any CPU
		{77D43DC8-AE66-9831-3D5D-42913B8F9657}.Release|Any CPU.Build.0 = Release|Any CPU
	EndGlobalSection
	GlobalSection(SolutionProperties) = preSolution
		HideSolutionNode = FALSE
	EndGlobalSection
	GlobalSection(ExtensibilityGlobals) = postSolution
		SolutionGuid = {1BFA5304-402E-4296-8EBE-C9B0487DC9E0}
	EndGlobalSection
EndGlobal
